// !$*UTF8*$!
{
	archiveVersion = 1;
	classes = {
	};
	objectVersion = 54;
	objects = {

/* Begin PBXBuildFile section */
		0466199614A1C831219073CE /* widget-background.png in Resources */ = {isa = PBXBuildFile; fileRef = 66FA21E796749A1D7DF0A728 /* widget-background.png */; };
		05B05AA7B58B0CE3C234F319 /* WatchSupport in Frameworks */ = {isa = PBXBuildFile; productRef = 2EDA78A467DB8C886816A613 /* WatchSupport */; };
		1498D2341E8E89220040F4C2 /* GeneratedPluginRegistrant.m in Sources */ = {isa = PBXBuildFile; fileRef = 1498D2331E8E89220040F4C2 /* GeneratedPluginRegistrant.m */; };
		185C656BE1F09722B49981C5 /* Assets.xcassets in Resources */ = {isa = PBXBuildFile; fileRef = 3B7035B6F9EF034B7C94942F /* Assets.xcassets */; };
		331C808B294A63AB00263BE5 /* RunnerTests.swift in Sources */ = {isa = PBXBuildFile; fileRef = 331C807B294A618700263BE5 /* RunnerTests.swift */; };
		3B3967161E833CAA004F5970 /* AppFrameworkInfo.plist in Resources */ = {isa = PBXBuildFile; fileRef = 3B3967151E833CAA004F5970 /* AppFrameworkInfo.plist */; };
		552EDBFB593EF05BFDF5D371 /* TechPieWatch.app in Embed Watch Content */ = {isa = PBXBuildFile; fileRef = D2C4C3D10C634BB53BF3F9A6 /* TechPieWatch.app */; settings = {ATTRIBUTES = (RemoveHeadersOnCopy, ); }; };
		5A0010032F1A000100000001 /* NativeGlassRegistry.swift in Sources */ = {isa = PBXBuildFile; fileRef = 5A0010022F1A000100000001 /* NativeGlassRegistry.swift */; };
		5A0010052F1A000100000001 /* NativeGlassTabBarView.swift in Sources */ = {isa = PBXBuildFile; fileRef = 5A0010042F1A000100000001 /* NativeGlassTabBarView.swift */; };
		5A0010142F1A000100000001 /* NativeGlassPresenterPlugin.swift in Sources */ = {isa = PBXBuildFile; fileRef = 5A0010132F1A000100000001 /* NativeGlassPresenterPlugin.swift */; };
		5A0010152F1A000100000001 /* IcsFilePresenterPlugin.swift in Sources */ = {isa = PBXBuildFile; fileRef = 5A0010162F1A000100000001 /* IcsFilePresenterPlugin.swift */; };
		5A0010182F1A000100000001 /* NativeNavigationBar.swift in Sources */ = {isa = PBXBuildFile; fileRef = 5A0010172F1A000100000001 /* NativeNavigationBar.swift */; };
		6BFBE954DB868241E9E9810B /* Pods_Runner.framework in Frameworks */ = {isa = PBXBuildFile; fileRef = 052EF181B45C1F8AB028A91F /* Pods_Runner.framework */; };
		74858FAF1ED2DC5600515810 /* AppDelegate.swift in Sources */ = {isa = PBXBuildFile; fileRef = 74858FAE1ED2DC5600515810 /* AppDelegate.swift */; };
		75CE913AF0FADB4E2A1F4D42 /* WatchSupport in Frameworks */ = {isa = PBXBuildFile; productRef = 5D3F4FB42B7E14FFEF02E328 /* WatchSupport */; };
		78A318202AECB46A00862997 /* FlutterGeneratedPluginSwiftPackage in Frameworks */ = {isa = PBXBuildFile; productRef = 78A3181F2AECB46A00862997 /* FlutterGeneratedPluginSwiftPackage */; };
		8066B5453B1AFDE3DDF599AF /* Logo.png in Resources */ = {isa = PBXBuildFile; fileRef = EDBA650E1E348D1232D8FA94 /* Logo.png */; };
		8F7428AE32B6D2B9B94C07A2 /* WatchConnectivityBridge.swift in Sources */ = {isa = PBXBuildFile; fileRef = 2EC2EF3B17D3D84D1DBF4E10 /* WatchConnectivityBridge.swift */; };
		97C146FC1CF9000F007C117D /* Main.storyboard in Resources */ = {isa = PBXBuildFile; fileRef = 97C146FA1CF9000F007C117D /* Main.storyboard */; };
		97C146FE1CF9000F007C117D /* Assets.xcassets in Resources */ = {isa = PBXBuildFile; fileRef = 97C146FD1CF9000F007C117D /* Assets.xcassets */; };
		97C147011CF9000F007C117D /* LaunchScreen.storyboard in Resources */ = {isa = PBXBuildFile; fileRef = 97C146FF1CF9000F007C117D /* LaunchScreen.storyboard */; };
		AE9BB45FC9E1D531003A2DF5 /* Pods_RunnerTests.framework in Frameworks */ = {isa = PBXBuildFile; fileRef = 95DFA3F27C43BF6B489182B8 /* Pods_RunnerTests.framework */; };
		CC8599484806003B6A672E9F /* Foundation.framework in Frameworks */ = {isa = PBXBuildFile; fileRef = EA485BF4890DBA17E765148E /* Foundation.framework */; };
		D6C82C39D032342980C3BFD3 /* TechPieWatchApp.swift in Sources */ = {isa = PBXBuildFile; fileRef = A891BE60F0002963D9D212B0 /* TechPieWatchApp.swift */; };
		ECAD00000000000000000004 /* EcardPayWidget.swift in Sources */ = {isa = PBXBuildFile; fileRef = ECAD00000000000000000001 /* EcardPayWidget.swift */; };
		ECAD00000000000000000005 /* EcardPayWidget.appex in Embed App Extensions */ = {isa = PBXBuildFile; fileRef = ECAD00000000000000000003 /* EcardPayWidget.appex */; settings = {ATTRIBUTES = (RemoveHeadersOnCopy, ); }; };
		ECAD00000000000000000020 /* widget-background.png in Resources */ = {isa = PBXBuildFile; fileRef = ECAD00000000000000000021 /* widget-background.png */; };
		ECAD00000000000000000026 /* Localizable.strings in Resources */ = {isa = PBXBuildFile; fileRef = ECAD00000000000000000022 /* Localizable.strings */; };
		ECAD00000000000000000030 /* EcardFeedback.swift in Sources */ = {isa = PBXBuildFile; fileRef = ECAD00000000000000000031 /* EcardFeedback.swift */; };
		ECAD00000000000000000040 /* EcardShortcuts.swift in Sources */ = {isa = PBXBuildFile; fileRef = ECAD00000000000000000041 /* EcardShortcuts.swift */; };
		ECAD00000000000000000047 /* Localizable.strings in Resources */ = {isa = PBXBuildFile; fileRef = ECAD00000000000000000043 /* Localizable.strings */; };
		ECAD0000000000000000004C /* AppShortcuts.strings in Resources */ = {isa = PBXBuildFile; fileRef = ECAD00000000000000000048 /* AppShortcuts.strings */; };
		ECAD00000000000000000054 /* InfoPlist.strings in Resources */ = {isa = PBXBuildFile; fileRef = ECAD00000000000000000050 /* InfoPlist.strings */; };
		ECBT00000000000000000001 /* EcardBindPlugin.swift in Sources */ = {isa = PBXBuildFile; fileRef = ECBT00000000000000000011 /* EcardBindPlugin.swift */; };
		ECBT00000000000000000002 /* EcardBindTunnelProvider.swift in Sources */ = {isa = PBXBuildFile; fileRef = ECBT00000000000000000012 /* EcardBindTunnelProvider.swift */; };
		ECBT00000000000000000003 /* EcardBindPackets.swift in Sources */ = {isa = PBXBuildFile; fileRef = ECBT00000000000000000013 /* EcardBindPackets.swift */; };
		ECBT00000000000000000004 /* EcardBindTunnel.appex in Embed App Extensions */ = {isa = PBXBuildFile; fileRef = ECBT00000000000000000014 /* EcardBindTunnel.appex */; settings = {ATTRIBUTES = (RemoveHeadersOnCopy, ); }; };
		ECBT00000000000000000005 /* NetworkExtension.framework in Frameworks */ = {isa = PBXBuildFile; fileRef = ECBT00000000000000000015 /* NetworkExtension.framework */; };
		ECBT00000000000000000006 /* NetworkExtension.framework in Frameworks */ = {isa = PBXBuildFile; fileRef = ECBT00000000000000000015 /* NetworkExtension.framework */; };
		EEFBA20129D4C2B5677B93CD /* WatchStore.swift in Sources */ = {isa = PBXBuildFile; fileRef = 0987CA72269BC175F4FC0A1A /* WatchStore.swift */; };
/* End PBXBuildFile section */

/* Begin PBXContainerItemProxy section */
		331C8085294A63A400263BE5 /* PBXContainerItemProxy */ = {
			isa = PBXContainerItemProxy;
			containerPortal = 97C146E61CF9000F007C117D /* Project object */;
			proxyType = 1;
			remoteGlobalIDString = 97C146ED1CF9000F007C117D;
			remoteInfo = Runner;
		};
		9117CC0AB2E1EA20E187DB79 /* PBXContainerItemProxy */ = {
			isa = PBXContainerItemProxy;
			containerPortal = 97C146E61CF9000F007C117D /* Project object */;
			proxyType = 1;
			remoteGlobalIDString = E34C05B9C95E87D00F79F0EE;
			remoteInfo = TechPieWatch;
		};
		ECAD00000000000000000010 /* PBXContainerItemProxy */ = {
			isa = PBXContainerItemProxy;
			containerPortal = 97C146E61CF9000F007C117D /* Project object */;
			proxyType = 1;
			remoteGlobalIDString = ECAD0000000000000000000B;
			remoteInfo = EcardPayWidget;
		};
		ECBT00000000000000000020 /* PBXContainerItemProxy */ = {
			isa = PBXContainerItemProxy;
			containerPortal = 97C146E61CF9000F007C117D /* Project object */;
			proxyType = 1;
			remoteGlobalIDString = ECBT00000000000000000040;
			remoteInfo = EcardBindTunnel;
		};
/* End PBXContainerItemProxy section */

/* Begin PBXCopyFilesBuildPhase section */
		9705A1C41CF9048500538489 /* Embed Frameworks */ = {
			isa = PBXCopyFilesBuildPhase;
			buildActionMask = 2147483647;
			dstPath = "";
			dstSubfolderSpec = 10;
			files = (
			);
			name = "Embed Frameworks";
			runOnlyForDeploymentPostprocessing = 0;
		};
		CA04EC23E8705233D4FF5218 /* Embed Watch Content */ = {
			isa = PBXCopyFilesBuildPhase;
			buildActionMask = 2147483647;
			dstPath = "$(CONTENTS_FOLDER_PATH)/Watch";
			dstSubfolderSpec = 16;
			files = (
				552EDBFB593EF05BFDF5D371 /* TechPieWatch.app in Embed Watch Content */,
			);
			name = "Embed Watch Content";
			runOnlyForDeploymentPostprocessing = 0;
		};
		ECAD00000000000000000009 /* Embed App Extensions */ = {
			isa = PBXCopyFilesBuildPhase;
			buildActionMask = 2147483647;
			dstPath = "";
			dstSubfolderSpec = 13;
			files = (
				ECAD00000000000000000005 /* EcardPayWidget.appex in Embed App Extensions */,
				ECBT00000000000000000004 /* EcardBindTunnel.appex in Embed App Extensions */,
			);
			name = "Embed App Extensions";
			runOnlyForDeploymentPostprocessing = 0;
		};
/* End PBXCopyFilesBuildPhase section */

/* Begin PBXFileReference section */
		052EF181B45C1F8AB028A91F /* Pods_Runner.framework */ = {isa = PBXFileReference; explicitFileType = wrapper.framework; includeInIndex = 0; path = Pods_Runner.framework; sourceTree = BUILT_PRODUCTS_DIR; };
		0987CA72269BC175F4FC0A1A /* WatchStore.swift */ = {isa = PBXFileReference; includeInIndex = 1; lastKnownFileType = sourcecode.swift; path = WatchStore.swift; sourceTree = "<group>"; };
		1498D2321E8E86230040F4C2 /* GeneratedPluginRegistrant.h */ = {isa = PBXFileReference; lastKnownFileType = sourcecode.c.h; path = GeneratedPluginRegistrant.h; sourceTree = "<group>"; };
		1498D2331E8E89220040F4C2 /* GeneratedPluginRegistrant.m */ = {isa = PBXFileReference; fileEncoding = 4; lastKnownFileType = sourcecode.c.objc; path = GeneratedPluginRegistrant.m; sourceTree = "<group>"; };
		296F06645E00F213C9654F8F /* Pods-RunnerTests.debug.xcconfig */ = {isa = PBXFileReference; includeInIndex = 1; lastKnownFileType = text.xcconfig; name = "Pods-RunnerTests.debug.xcconfig"; path = "Target Support Files/Pods-RunnerTests/Pods-RunnerTests.debug.xcconfig"; sourceTree = "<group>"; };
		2EC2EF3B17D3D84D1DBF4E10 /* WatchConnectivityBridge.swift */ = {isa = PBXFileReference; includeInIndex = 1; lastKnownFileType = sourcecode.swift; path = WatchConnectivityBridge.swift; sourceTree = "<group>"; };
		331C807B294A618700263BE5 /* RunnerTests.swift */ = {isa = PBXFileReference; lastKnownFileType = sourcecode.swift; path = RunnerTests.swift; sourceTree = "<group>"; };
		331C8081294A63A400263BE5 /* RunnerTests.xctest */ = {isa = PBXFileReference; explicitFileType = wrapper.cfbundle; includeInIndex = 0; path = RunnerTests.xctest; sourceTree = BUILT_PRODUCTS_DIR; };
		3A18B1C545E34121D35EA8DC /* Watch.xcconfig */ = {isa = PBXFileReference; includeInIndex = 1; lastKnownFileType = text.xcconfig; path = Watch.xcconfig; sourceTree = "<group>"; };
		3B3967151E833CAA004F5970 /* AppFrameworkInfo.plist */ = {isa = PBXFileReference; fileEncoding = 4; lastKnownFileType = text.plist.xml; name = AppFrameworkInfo.plist; path = Flutter/AppFrameworkInfo.plist; sourceTree = "<group>"; };
		3B7035B6F9EF034B7C94942F /* Assets.xcassets */ = {isa = PBXFileReference; includeInIndex = 1; lastKnownFileType = folder.assetcatalog; path = Assets.xcassets; sourceTree = "<group>"; };
		5A0010022F1A000100000001 /* NativeGlassRegistry.swift */ = {isa = PBXFileReference; lastKnownFileType = sourcecode.swift; path = NativeGlassRegistry.swift; sourceTree = "<group>"; };
		5A0010042F1A000100000001 /* NativeGlassTabBarView.swift */ = {isa = PBXFileReference; lastKnownFileType = sourcecode.swift; path = NativeGlassTabBarView.swift; sourceTree = "<group>"; };
		5A0010132F1A000100000001 /* NativeGlassPresenterPlugin.swift */ = {isa = PBXFileReference; lastKnownFileType = sourcecode.swift; path = NativeGlassPresenterPlugin.swift; sourceTree = "<group>"; };
		5A0010162F1A000100000001 /* IcsFilePresenterPlugin.swift */ = {isa = PBXFileReference; lastKnownFileType = sourcecode.swift; path = IcsFilePresenterPlugin.swift; sourceTree = "<group>"; };
		5A0010172F1A000100000001 /* NativeNavigationBar.swift */ = {isa = PBXFileReference; lastKnownFileType = sourcecode.swift; path = NativeNavigationBar.swift; sourceTree = "<group>"; };
		66FA21E796749A1D7DF0A728 /* widget-background.png */ = {isa = PBXFileReference; includeInIndex = 1; lastKnownFileType = image.png; name = "widget-background.png"; path = "../assets/campus_card/images/widget-background.png"; sourceTree = SOURCE_ROOT; };
		6B0AD00AB3D979A68E9ABE84 /* Pods-RunnerTests.release.xcconfig */ = {isa = PBXFileReference; includeInIndex = 1; lastKnownFileType = text.xcconfig; name = "Pods-RunnerTests.release.xcconfig"; path = "Target Support Files/Pods-RunnerTests/Pods-RunnerTests.release.xcconfig"; sourceTree = "<group>"; };
		74858FAD1ED2DC5600515810 /* Runner-Bridging-Header.h */ = {isa = PBXFileReference; lastKnownFileType = sourcecode.c.h; path = "Runner-Bridging-Header.h"; sourceTree = "<group>"; };
		74858FAE1ED2DC5600515810 /* AppDelegate.swift */ = {isa = PBXFileReference; fileEncoding = 4; lastKnownFileType = sourcecode.swift; path = AppDelegate.swift; sourceTree = "<group>"; };
		776CD06E7F9DDAC30B1D93AD /* Pods-Runner.profile.xcconfig */ = {isa = PBXFileReference; includeInIndex = 1; lastKnownFileType = text.xcconfig; name = "Pods-Runner.profile.xcconfig"; path = "Target Support Files/Pods-Runner/Pods-Runner.profile.xcconfig"; sourceTree = "<group>"; };
		78E0A7A72DC9AD7400C4905E /* FlutterGeneratedPluginSwiftPackage */ = {isa = PBXFileReference; lastKnownFileType = wrapper; name = FlutterGeneratedPluginSwiftPackage; path = Flutter/ephemeral/Packages/FlutterGeneratedPluginSwiftPackage; sourceTree = "<group>"; };
		7AFA3C8E1D35360C0083082E /* Release.xcconfig */ = {isa = PBXFileReference; lastKnownFileType = text.xcconfig; name = Release.xcconfig; path = Flutter/Release.xcconfig; sourceTree = "<group>"; };
		95DFA3F27C43BF6B489182B8 /* Pods_RunnerTests.framework */ = {isa = PBXFileReference; explicitFileType = wrapper.framework; includeInIndex = 0; path = Pods_RunnerTests.framework; sourceTree = BUILT_PRODUCTS_DIR; };
		9740EEB21CF90195004384FC /* Debug.xcconfig */ = {isa = PBXFileReference; fileEncoding = 4; lastKnownFileType = text.xcconfig; name = Debug.xcconfig; path = Flutter/Debug.xcconfig; sourceTree = "<group>"; };
		9740EEB31CF90195004384FC /* Generated.xcconfig */ = {isa = PBXFileReference; fileEncoding = 4; lastKnownFileType = text.xcconfig; name = Generated.xcconfig; path = Flutter/Generated.xcconfig; sourceTree = "<group>"; };
		97C146EE1CF9000F007C117D /* Runner.app */ = {isa = PBXFileReference; explicitFileType = wrapper.application; includeInIndex = 0; path = Runner.app; sourceTree = BUILT_PRODUCTS_DIR; };
		97C146FB1CF9000F007C117D /* Base */ = {isa = PBXFileReference; lastKnownFileType = file.storyboard; name = Base; path = Base.lproj/Main.storyboard; sourceTree = "<group>"; };
		97C146FD1CF9000F007C117D /* Assets.xcassets */ = {isa = PBXFileReference; lastKnownFileType = folder.assetcatalog; path = Assets.xcassets; sourceTree = "<group>"; };
		97C147001CF9000F007C117D /* Base */ = {isa = PBXFileReference; lastKnownFileType = file.storyboard; name = Base; path = Base.lproj/LaunchScreen.storyboard; sourceTree = "<group>"; };
		97C147021CF9000F007C117D /* Info.plist */ = {isa = PBXFileReference; lastKnownFileType = text.plist.xml; path = Info.plist; sourceTree = "<group>"; };
		98F496C6E33E8AC1C6A63AB8 /* Info.plist */ = {isa = PBXFileReference; includeInIndex = 1; lastKnownFileType = text.plist.xml; path = Info.plist; sourceTree = "<group>"; };
		A891BE60F0002963D9D212B0 /* TechPieWatchApp.swift */ = {isa = PBXFileReference; includeInIndex = 1; lastKnownFileType = sourcecode.swift; path = TechPieWatchApp.swift; sourceTree = "<group>"; };
		C6ECDBC06E9BDB1CBA58B7DB /* Pods-Runner.release.xcconfig */ = {isa = PBXFileReference; includeInIndex = 1; lastKnownFileType = text.xcconfig; name = "Pods-Runner.release.xcconfig"; path = "Target Support Files/Pods-Runner/Pods-Runner.release.xcconfig"; sourceTree = "<group>"; };
		C7BBB453CDB9F73A63A4A327 /* Pods-Runner.debug.xcconfig */ = {isa = PBXFileReference; includeInIndex = 1; lastKnownFileType = text.xcconfig; name = "Pods-Runner.debug.xcconfig"; path = "Target Support Files/Pods-Runner/Pods-Runner.debug.xcconfig"; sourceTree = "<group>"; };
		D2C4C3D10C634BB53BF3F9A6 /* TechPieWatch.app */ = {isa = PBXFileReference; explicitFileType = wrapper.application; includeInIndex = 0; path = TechPieWatch.app; sourceTree = BUILT_PRODUCTS_DIR; };
		D3EC6B66BB17FD8FCFF14373 /* Pods-RunnerTests.profile.xcconfig */ = {isa = PBXFileReference; includeInIndex = 1; lastKnownFileType = text.xcconfig; name = "Pods-RunnerTests.profile.xcconfig"; path = "Target Support Files/Pods-RunnerTests/Pods-RunnerTests.profile.xcconfig"; sourceTree = "<group>"; };
		EA485BF4890DBA17E765148E /* Foundation.framework */ = {isa = PBXFileReference; lastKnownFileType = wrapper.framework; name = Foundation.framework; path = Platforms/WatchOS.platform/Developer/SDKs/WatchOS11.0.sdk/System/Library/Frameworks/Foundation.framework; sourceTree = DEVELOPER_DIR; };
		ECAD00000000000000000001 /* EcardPayWidget.swift */ = {isa = PBXFileReference; lastKnownFileType = sourcecode.swift; path = EcardPayWidget.swift; sourceTree = "<group>"; };
		ECAD00000000000000000002 /* Info.plist */ = {isa = PBXFileReference; lastKnownFileType = text.plist.xml; path = Info.plist; sourceTree = "<group>"; };
		ECAD00000000000000000003 /* EcardPayWidget.appex */ = {isa = PBXFileReference; explicitFileType = "wrapper.app-extension"; includeInIndex = 0; path = EcardPayWidget.appex; sourceTree = BUILT_PRODUCTS_DIR; };
		ECAD00000000000000000021 /* widget-background.png */ = {isa = PBXFileReference; lastKnownFileType = image.png; name = "widget-background.png"; path = "../assets/campus_card/images/widget-background.png"; sourceTree = SOURCE_ROOT; };
		ECAD00000000000000000023 /* en */ = {isa = PBXFileReference; lastKnownFileType = text.plist.strings; name = en; path = en.lproj/Localizable.strings; sourceTree = "<group>"; };
		ECAD00000000000000000024 /* zh-Hans */ = {isa = PBXFileReference; lastKnownFileType = text.plist.strings; name = "zh-Hans"; path = "zh-Hans.lproj/Localizable.strings"; sourceTree = "<group>"; };
		ECAD00000000000000000025 /* ja */ = {isa = PBXFileReference; lastKnownFileType = text.plist.strings; name = ja; path = ja.lproj/Localizable.strings; sourceTree = "<group>"; };
		ECAD00000000000000000031 /* EcardFeedback.swift */ = {isa = PBXFileReference; lastKnownFileType = sourcecode.swift; path = EcardFeedback.swift; sourceTree = "<group>"; };
		ECAD00000000000000000041 /* EcardShortcuts.swift */ = {isa = PBXFileReference; lastKnownFileType = sourcecode.swift; path = EcardShortcuts.swift; sourceTree = "<group>"; };
		ECAD00000000000000000044 /* en */ = {isa = PBXFileReference; lastKnownFileType = text.plist.strings; name = en; path = en.lproj/Localizable.strings; sourceTree = "<group>"; };
		ECAD00000000000000000045 /* zh-Hans */ = {isa = PBXFileReference; lastKnownFileType = text.plist.strings; name = "zh-Hans"; path = "zh-Hans.lproj/Localizable.strings"; sourceTree = "<group>"; };
		ECAD00000000000000000046 /* ja */ = {isa = PBXFileReference; lastKnownFileType = text.plist.strings; name = ja; path = ja.lproj/Localizable.strings; sourceTree = "<group>"; };
		ECAD00000000000000000049 /* en */ = {isa = PBXFileReference; lastKnownFileType = text.plist.strings; name = en; path = en.lproj/AppShortcuts.strings; sourceTree = "<group>"; };
		ECAD0000000000000000004A /* zh-Hans */ = {isa = PBXFileReference; lastKnownFileType = text.plist.strings; name = "zh-Hans"; path = "zh-Hans.lproj/AppShortcuts.strings"; sourceTree = "<group>"; };
		ECAD0000000000000000004B /* ja */ = {isa = PBXFileReference; lastKnownFileType = text.plist.strings; name = ja; path = ja.lproj/AppShortcuts.strings; sourceTree = "<group>"; };
		ECAD00000000000000000051 /* en */ = {isa = PBXFileReference; lastKnownFileType = text.plist.strings; name = en; path = en.lproj/InfoPlist.strings; sourceTree = "<group>"; };
		ECAD00000000000000000052 /* zh-Hans */ = {isa = PBXFileReference; lastKnownFileType = text.plist.strings; name = "zh-Hans"; path = "zh-Hans.lproj/InfoPlist.strings"; sourceTree = "<group>"; };
		ECAD00000000000000000053 /* ja */ = {isa = PBXFileReference; lastKnownFileType = text.plist.strings; name = ja; path = ja.lproj/InfoPlist.strings; sourceTree = "<group>"; };
		ECBT00000000000000000011 /* EcardBindPlugin.swift */ = {isa = PBXFileReference; lastKnownFileType = sourcecode.swift; path = EcardBindPlugin.swift; sourceTree = "<group>"; };
		ECBT00000000000000000012 /* EcardBindTunnelProvider.swift */ = {isa = PBXFileReference; lastKnownFileType = sourcecode.swift; path = EcardBindTunnelProvider.swift; sourceTree = "<group>"; };
		ECBT00000000000000000013 /* EcardBindPackets.swift */ = {isa = PBXFileReference; lastKnownFileType = sourcecode.swift; path = EcardBindPackets.swift; sourceTree = "<group>"; };
		ECBT00000000000000000014 /* EcardBindTunnel.appex */ = {isa = PBXFileReference; explicitFileType = "wrapper.app-extension"; includeInIndex = 0; path = EcardBindTunnel.appex; sourceTree = BUILT_PRODUCTS_DIR; };
		ECBT00000000000000000015 /* NetworkExtension.framework */ = {isa = PBXFileReference; lastKnownFileType = wrapper.framework; name = NetworkExtension.framework; path = System/Library/Frameworks/NetworkExtension.framework; sourceTree = SDKROOT; };
		ECBT00000000000000000016 /* Runner.entitlements */ = {isa = PBXFileReference; lastKnownFileType = text.plist.entitlements; path = Runner.entitlements; sourceTree = "<group>"; };
		ECBT00000000000000000017 /* Info.plist */ = {isa = PBXFileReference; lastKnownFileType = text.plist.xml; path = Info.plist; sourceTree = "<group>"; };
		ECBT00000000000000000018 /* EcardBindTunnel.entitlements */ = {isa = PBXFileReference; lastKnownFileType = text.plist.entitlements; path = EcardBindTunnel.entitlements; sourceTree = "<group>"; };
		EDBA650E1E348D1232D8FA94 /* Logo.png */ = {isa = PBXFileReference; includeInIndex = 1; lastKnownFileType = image.png; name = Logo.png; path = ../assets/logo/Logo.png; sourceTree = SOURCE_ROOT; };
/* End PBXFileReference section */

/* Begin PBXFrameworksBuildPhase section */
		37EE0E03704066D35E7DAB45 /* Frameworks */ = {
			isa = PBXFrameworksBuildPhase;
			buildActionMask = 2147483647;
			files = (
				AE9BB45FC9E1D531003A2DF5 /* Pods_RunnerTests.framework in Frameworks */,
			);
			runOnlyForDeploymentPostprocessing = 0;
		};
		494A5C7A0AF1B537922FCD5C /* Frameworks */ = {
			isa = PBXFrameworksBuildPhase;
			buildActionMask = 2147483647;
			files = (
				CC8599484806003B6A672E9F /* Foundation.framework in Frameworks */,
				75CE913AF0FADB4E2A1F4D42 /* WatchSupport in Frameworks */,
			);
			runOnlyForDeploymentPostprocessing = 0;
		};
		97C146EB1CF9000F007C117D /* Frameworks */ = {
			isa = PBXFrameworksBuildPhase;
			buildActionMask = 2147483647;
			files = (
				78A318202AECB46A00862997 /* FlutterGeneratedPluginSwiftPackage in Frameworks */,
				6BFBE954DB868241E9E9810B /* Pods_Runner.framework in Frameworks */,
				05B05AA7B58B0CE3C234F319 /* WatchSupport in Frameworks */,
				ECBT00000000000000000005 /* NetworkExtension.framework in Frameworks */,
			);
			runOnlyForDeploymentPostprocessing = 0;
		};
		ECAD00000000000000000007 /* Frameworks */ = {
			isa = PBXFrameworksBuildPhase;
			buildActionMask = 2147483647;
			files = (
			);
			runOnlyForDeploymentPostprocessing = 0;
		};
		ECBT00000000000000000031 /* Frameworks */ = {
			isa = PBXFrameworksBuildPhase;
			buildActionMask = 2147483647;
			files = (
				ECBT00000000000000000006 /* NetworkExtension.framework in Frameworks */,
			);
			runOnlyForDeploymentPostprocessing = 0;
		};
/* End PBXFrameworksBuildPhase section */

/* Begin PBXGroup section */
		199709143E3688A7CDC91428 /* Frameworks */ = {
			isa = PBXGroup;
			children = (
				052EF181B45C1F8AB028A91F /* Pods_Runner.framework */,
				95DFA3F27C43BF6B489182B8 /* Pods_RunnerTests.framework */,
				954067E0D5BD4C9CCA60F151 /* watchOS */,
				ECBT00000000000000000015 /* NetworkExtension.framework */,
			);
			name = Frameworks;
			sourceTree = "<group>";
		};
		1FD71643C385FC3B24A7C891 /* Pods */ = {
			isa = PBXGroup;
			children = (
				C7BBB453CDB9F73A63A4A327 /* Pods-Runner.debug.xcconfig */,
				C6ECDBC06E9BDB1CBA58B7DB /* Pods-Runner.release.xcconfig */,
				776CD06E7F9DDAC30B1D93AD /* Pods-Runner.profile.xcconfig */,
				296F06645E00F213C9654F8F /* Pods-RunnerTests.debug.xcconfig */,
				6B0AD00AB3D979A68E9ABE84 /* Pods-RunnerTests.release.xcconfig */,
				D3EC6B66BB17FD8FCFF14373 /* Pods-RunnerTests.profile.xcconfig */,
			);
			path = Pods;
			sourceTree = "<group>";
		};
		331C8082294A63A400263BE5 /* RunnerTests */ = {
			isa = PBXGroup;
			children = (
				331C807B294A618700263BE5 /* RunnerTests.swift */,
			);
			path = RunnerTests;
			sourceTree = "<group>";
		};
		5A0010082F1A000100000001 /* NativeGlass */ = {
			isa = PBXGroup;
			children = (
				5A0010022F1A000100000001 /* NativeGlassRegistry.swift */,
				5A0010042F1A000100000001 /* NativeGlassTabBarView.swift */,
				5A0010132F1A000100000001 /* NativeGlassPresenterPlugin.swift */,
				5A0010162F1A000100000001 /* IcsFilePresenterPlugin.swift */,
				5A0010172F1A000100000001 /* NativeNavigationBar.swift */,
			);
			path = NativeGlass;
			sourceTree = "<group>";
		};
		8D17EBDCE99F1DDFF81F8403 /* Shared Artwork */ = {
			isa = PBXGroup;
			children = (
				EDBA650E1E348D1232D8FA94 /* Logo.png */,
				66FA21E796749A1D7DF0A728 /* widget-background.png */,
			);
			name = "Shared Artwork";
			sourceTree = "<group>";
		};
		954067E0D5BD4C9CCA60F151 /* watchOS */ = {
			isa = PBXGroup;
			children = (
				EA485BF4890DBA17E765148E /* Foundation.framework */,
			);
			name = watchOS;
			sourceTree = "<group>";
		};
		9740EEB11CF90186004384FC /* Flutter */ = {
			isa = PBXGroup;
			children = (
				78E0A7A72DC9AD7400C4905E /* FlutterGeneratedPluginSwiftPackage */,
				3B3967151E833CAA004F5970 /* AppFrameworkInfo.plist */,
				9740EEB21CF90195004384FC /* Debug.xcconfig */,
				7AFA3C8E1D35360C0083082E /* Release.xcconfig */,
				9740EEB31CF90195004384FC /* Generated.xcconfig */,
			);
			name = Flutter;
			sourceTree = "<group>";
		};
		97C146E51CF9000F007C117D = {
			isa = PBXGroup;
			children = (
				9740EEB11CF90186004384FC /* Flutter */,
				97C146F01CF9000F007C117D /* Runner */,
				ECAD0000000000000000000A /* EcardPayWidget */,
				ECBT00000000000000000030 /* EcardBindTunnel */,
				97C146EF1CF9000F007C117D /* Products */,
				331C8082294A63A400263BE5 /* RunnerTests */,
				1FD71643C385FC3B24A7C891 /* Pods */,
				199709143E3688A7CDC91428 /* Frameworks */,
				99B11879EDB0416AA00498FB /* TechPieWatch */,
			);
			sourceTree = "<group>";
		};
		97C146EF1CF9000F007C117D /* Products */ = {
			isa = PBXGroup;
			children = (
				97C146EE1CF9000F007C117D /* Runner.app */,
				331C8081294A63A400263BE5 /* RunnerTests.xctest */,
				ECAD00000000000000000003 /* EcardPayWidget.appex */,
				D2C4C3D10C634BB53BF3F9A6 /* TechPieWatch.app */,
				ECBT00000000000000000014 /* EcardBindTunnel.appex */,
			);
			name = Products;
			sourceTree = "<group>";
		};
		97C146F01CF9000F007C117D /* Runner */ = {
			isa = PBXGroup;
			children = (
				97C146FA1CF9000F007C117D /* Main.storyboard */,
				97C146FD1CF9000F007C117D /* Assets.xcassets */,
				97C146FF1CF9000F007C117D /* LaunchScreen.storyboard */,
				97C147021CF9000F007C117D /* Info.plist */,
				1498D2321E8E86230040F4C2 /* GeneratedPluginRegistrant.h */,
				1498D2331E8E89220040F4C2 /* GeneratedPluginRegistrant.m */,
				74858FAE1ED2DC5600515810 /* AppDelegate.swift */,
				ECBT00000000000000000011 /* EcardBindPlugin.swift */,
				ECBT00000000000000000016 /* Runner.entitlements */,
				ECAD00000000000000000031 /* EcardFeedback.swift */,
				ECAD00000000000000000042 /* Shortcuts */,
				5A0010082F1A000100000001 /* NativeGlass */,
				74858FAD1ED2DC5600515810 /* Runner-Bridging-Header.h */,
				2EC2EF3B17D3D84D1DBF4E10 /* WatchConnectivityBridge.swift */,
			);
			path = Runner;
			sourceTree = "<group>";
		};
		99B11879EDB0416AA00498FB /* TechPieWatch */ = {
			isa = PBXGroup;
			children = (
				A891BE60F0002963D9D212B0 /* TechPieWatchApp.swift */,
				0987CA72269BC175F4FC0A1A /* WatchStore.swift */,
				98F496C6E33E8AC1C6A63AB8 /* Info.plist */,
				3A18B1C545E34121D35EA8DC /* Watch.xcconfig */,
				3B7035B6F9EF034B7C94942F /* Assets.xcassets */,
				8D17EBDCE99F1DDFF81F8403 /* Shared Artwork */,
			);
			path = TechPieWatch;
			sourceTree = "<group>";
		};
		ECAD0000000000000000000A /* EcardPayWidget */ = {
			isa = PBXGroup;
			children = (
				ECAD00000000000000000001 /* EcardPayWidget.swift */,
				ECAD00000000000000000002 /* Info.plist */,
				ECAD00000000000000000021 /* widget-background.png */,
				ECAD00000000000000000022 /* Localizable.strings */,
			);
			path = EcardPayWidget;
			sourceTree = "<group>";
		};
		ECAD00000000000000000042 /* Shortcuts */ = {
			isa = PBXGroup;
			children = (
				ECAD00000000000000000041 /* EcardShortcuts.swift */,
				ECAD00000000000000000043 /* Localizable.strings */,
				ECAD00000000000000000048 /* AppShortcuts.strings */,
				ECAD00000000000000000050 /* InfoPlist.strings */,
			);
			path = Shortcuts;
			sourceTree = "<group>";
		};
		ECBT00000000000000000030 /* EcardBindTunnel */ = {
			isa = PBXGroup;
			children = (
				ECBT00000000000000000012 /* EcardBindTunnelProvider.swift */,
				ECBT00000000000000000013 /* EcardBindPackets.swift */,
				ECBT00000000000000000017 /* Info.plist */,
				ECBT00000000000000000018 /* EcardBindTunnel.entitlements */,
			);
			path = EcardBindTunnel;
			sourceTree = "<group>";
		};
/* End PBXGroup section */

/* Begin PBXNativeTarget section */
		331C8080294A63A400263BE5 /* RunnerTests */ = {
			isa = PBXNativeTarget;
			buildConfigurationList = 331C8087294A63A400263BE5 /* Build configuration list for PBXNativeTarget "RunnerTests" */;
			buildPhases = (
				5F4DDA14F69FE0160EA44369 /* [CP] Check Pods Manifest.lock */,
				331C807D294A63A400263BE5 /* Sources */,
				331C807F294A63A400263BE5 /* Resources */,
				37EE0E03704066D35E7DAB45 /* Frameworks */,
			);
			buildRules = (
			);
			dependencies = (
				331C8086294A63A400263BE5 /* PBXTargetDependency */,
			);
			name = RunnerTests;
			productName = RunnerTests;
			productReference = 331C8081294A63A400263BE5 /* RunnerTests.xctest */;
			productType = "com.apple.product-type.bundle.unit-test";
		};
		97C146ED1CF9000F007C117D /* Runner */ = {
			isa = PBXNativeTarget;
			buildConfigurationList = 97C147051CF9000F007C117D /* Build configuration list for PBXNativeTarget "Runner" */;
			buildPhases = (
				74DC4AE5B2F8848EAF06FC05 /* [CP] Check Pods Manifest.lock */,
				9740EEB61CF901F6004384FC /* Run Script */,
				97C146EA1CF9000F007C117D /* Sources */,
				97C146EB1CF9000F007C117D /* Frameworks */,
				97C146EC1CF9000F007C117D /* Resources */,
				ECAD00000000000000000009 /* Embed App Extensions */,
				9705A1C41CF9048500538489 /* Embed Frameworks */,
				CA04EC23E8705233D4FF5218 /* Embed Watch Content */,
				3B06AD1E1E4923F5004D2608 /* Thin Binary */,
				1C676109FBCDA2409F8A534A /* [CP] Embed Pods Frameworks */,
				1F5D61136E4A8E02D3A4B905 /* [CP] Copy Pods Resources */,
			);
			buildRules = (
			);
			dependencies = (
				ECAD00000000000000000011 /* PBXTargetDependency */,
				A12CF311F3590B09CDF532E5 /* PBXTargetDependency */,
				ECBT00000000000000000021 /* PBXTargetDependency */,
			);
			name = Runner;
			packageProductDependencies = (
				78A3181F2AECB46A00862997 /* FlutterGeneratedPluginSwiftPackage */,
				2EDA78A467DB8C886816A613 /* WatchSupport */,
			);
			productName = Runner;
			productReference = 97C146EE1CF9000F007C117D /* Runner.app */;
			productType = "com.apple.product-type.application";
		};
		E34C05B9C95E87D00F79F0EE /* TechPieWatch */ = {
			isa = PBXNativeTarget;
			buildConfigurationList = 994B6D880D48C2C4BA80141E /* Build configuration list for PBXNativeTarget "TechPieWatch" */;
			buildPhases = (
				EFEEC8F9D38BB75E7DB4CBE8 /* Sources */,
				494A5C7A0AF1B537922FCD5C /* Frameworks */,
				D02EE0B5F42A5B955E6734F7 /* Resources */,
			);
			buildRules = (
			);
			dependencies = (
			);
			name = TechPieWatch;
			packageProductDependencies = (
				5D3F4FB42B7E14FFEF02E328 /* WatchSupport */,
			);
			productName = TechPieWatch;
			productReference = D2C4C3D10C634BB53BF3F9A6 /* TechPieWatch.app */;
			productType = "com.apple.product-type.application";
		};
		ECAD0000000000000000000B /* EcardPayWidget */ = {
			isa = PBXNativeTarget;
			buildConfigurationList = ECAD0000000000000000000F /* Build configuration list for PBXNativeTarget "EcardPayWidget" */;
			buildPhases = (
				ECAD00000000000000000006 /* Sources */,
				ECAD00000000000000000007 /* Frameworks */,
				ECAD00000000000000000008 /* Resources */,
			);
			buildRules = (
			);
			dependencies = (
			);
			name = EcardPayWidget;
			productName = EcardPayWidget;
			productReference = ECAD00000000000000000003 /* EcardPayWidget.appex */;
			productType = "com.apple.product-type.app-extension";
		};
		ECBT00000000000000000040 /* EcardBindTunnel */ = {
			isa = PBXNativeTarget;
			buildConfigurationList = ECBT00000000000000000053 /* Build configuration list for PBXNativeTarget "EcardBindTunnel" */;
			buildPhases = (
				ECBT00000000000000000042 /* Sources */,
				ECBT00000000000000000031 /* Frameworks */,
				ECBT00000000000000000041 /* Resources */,
			);
			buildRules = (
			);
			dependencies = (
			);
			name = EcardBindTunnel;
			productName = EcardBindTunnel;
			productReference = ECBT00000000000000000014 /* EcardBindTunnel.appex */;
			productType = "com.apple.product-type.app-extension";
		};
/* End PBXNativeTarget section */

/* Begin PBXProject section */
		97C146E61CF9000F007C117D /* Project object */ = {
			isa = PBXProject;
			attributes = {
				BuildIndependentTargetsInParallel = YES;
				LastUpgradeCheck = 1510;
				ORGANIZATIONNAME = "";
				TargetAttributes = {
					331C8080294A63A400263BE5 = {
						CreatedOnToolsVersion = 14.0;
						TestTargetID = 97C146ED1CF9000F007C117D;
					};
					97C146ED1CF9000F007C117D = {
						CreatedOnToolsVersion = 7.3.1;
						LastSwiftMigration = 1100;
						SystemCapabilities = {
							com.apple.NetworkExtensions = {
								enabled = 1;
							};
						};
					};
					ECAD0000000000000000000B = {
						CreatedOnToolsVersion = 16.4;
					};
					ECBT00000000000000000040 = {
						CreatedOnToolsVersion = 16.4;
						SystemCapabilities = {
							com.apple.NetworkExtensions = {
								enabled = 1;
							};
						};
					};
				};
			};
			buildConfigurationList = 97C146E91CF9000F007C117D /* Build configuration list for PBXProject "Runner" */;
			compatibilityVersion = "Xcode 9.3";
			developmentRegion = en;
			hasScannedForEncodings = 0;
			knownRegions = (
				en,
				Base,
				"zh-Hans",
				ja,
			);
			mainGroup = 97C146E51CF9000F007C117D;
			packageReferences = (
				781AD8BC2B33823900A9FFBB /* XCLocalSwiftPackageReference "FlutterGeneratedPluginSwiftPackage" */,
				176602B46FEB2E278959CE63 /* XCLocalSwiftPackageReference "WatchSupport" */,
			);
			productRefGroup = 97C146EF1CF9000F007C117D /* Products */;
			projectDirPath = "";
			projectRoot = "";
			targets = (
				97C146ED1CF9000F007C117D /* Runner */,
				331C8080294A63A400263BE5 /* RunnerTests */,
				ECAD0000000000000000000B /* EcardPayWidget */,
				E34C05B9C95E87D00F79F0EE /* TechPieWatch */,
				ECBT00000000000000000040 /* EcardBindTunnel */,
			);
		};
/* End PBXProject section */

/* Begin PBXResourcesBuildPhase section */
		331C807F294A63A400263BE5 /* Resources */ = {
			isa = PBXResourcesBuildPhase;
			buildActionMask = 2147483647;
			files = (
			);
			runOnlyForDeploymentPostprocessing = 0;
		};
		97C146EC1CF9000F007C117D /* Resources */ = {
			isa = PBXResourcesBuildPhase;
			buildActionMask = 2147483647;
			files = (
				97C147011CF9000F007C117D /* LaunchScreen.storyboard in Resources */,
				3B3967161E833CAA004F5970 /* AppFrameworkInfo.plist in Resources */,
				97C146FE1CF9000F007C117D /* Assets.xcassets in Resources */,
				97C146FC1CF9000F007C117D /* Main.storyboard in Resources */,
				ECAD00000000000000000047 /* Localizable.strings in Resources */,
				ECAD0000000000000000004C /* AppShortcuts.strings in Resources */,
				ECAD00000000000000000054 /* InfoPlist.strings in Resources */,
			);
			runOnlyForDeploymentPostprocessing = 0;
		};
		D02EE0B5F42A5B955E6734F7 /* Resources */ = {
			isa = PBXResourcesBuildPhase;
			buildActionMask = 2147483647;
			files = (
				185C656BE1F09722B49981C5 /* Assets.xcassets in Resources */,
				8066B5453B1AFDE3DDF599AF /* Logo.png in Resources */,
				0466199614A1C831219073CE /* widget-background.png in Resources */,
			);
			runOnlyForDeploymentPostprocessing = 0;
		};
		ECAD00000000000000000008 /* Resources */ = {
			isa = PBXResourcesBuildPhase;
			buildActionMask = 2147483647;
			files = (
				ECAD00000000000000000020 /* widget-background.png in Resources */,
				ECAD00000000000000000026 /* Localizable.strings in Resources */,
			);
			runOnlyForDeploymentPostprocessing = 0;
		};
		ECBT00000000000000000041 /* Resources */ = {
			isa = PBXResourcesBuildPhase;
			buildActionMask = 2147483647;
			files = (
			);
			runOnlyForDeploymentPostprocessing = 0;
		};
/* End PBXResourcesBuildPhase section */

/* Begin PBXShellScriptBuildPhase section */
		1C676109FBCDA2409F8A534A /* [CP] Embed Pods Frameworks */ = {
			isa = PBXShellScriptBuildPhase;
			buildActionMask = 2147483647;
			files = (
			);
			inputFileListPaths = (
				"${PODS_ROOT}/Target Support Files/Pods-Runner/Pods-Runner-frameworks-${CONFIGURATION}-input-files.xcfilelist",
			);
			name = "[CP] Embed Pods Frameworks";
			outputFileListPaths = (
				"${PODS_ROOT}/Target Support Files/Pods-Runner/Pods-Runner-frameworks-${CONFIGURATION}-output-files.xcfilelist",
			);
			runOnlyForDeploymentPostprocessing = 0;
			shellPath = /bin/sh;
			shellScript = "\"${PODS_ROOT}/Target Support Files/Pods-Runner/Pods-Runner-frameworks.sh\"\n";
			showEnvVarsInLog = 0;
		};
		1F5D61136E4A8E02D3A4B905 /* [CP] Copy Pods Resources */ = {
			isa = PBXShellScriptBuildPhase;
			buildActionMask = 2147483647;
			files = (
			);
			inputFileListPaths = (
				"${PODS_ROOT}/Target Support Files/Pods-Runner/Pods-Runner-resources-${CONFIGURATION}-input-files.xcfilelist",
			);
			name = "[CP] Copy Pods Resources";
			outputFileListPaths = (
				"${PODS_ROOT}/Target Support Files/Pods-Runner/Pods-Runner-resources-${CONFIGURATION}-output-files.xcfilelist",
			);
			runOnlyForDeploymentPostprocessing = 0;
			shellPath = /bin/sh;
			shellScript = "\"${PODS_ROOT}/Target Support Files/Pods-Runner/Pods-Runner-resources.sh\"\n";
			showEnvVarsInLog = 0;
		};
		3B06AD1E1E4923F5004D2608 /* Thin Binary */ = {
			isa = PBXShellScriptBuildPhase;
			alwaysOutOfDate = 1;
			buildActionMask = 2147483647;
			files = (
			);
			inputPaths = (
				"${TARGET_BUILD_DIR}/${INFOPLIST_PATH}",
			);
			name = "Thin Binary";
			outputPaths = (
			);
			runOnlyForDeploymentPostprocessing = 0;
			shellPath = /bin/sh;
			shellScript = "/bin/sh \"$FLUTTER_ROOT/packages/flutter_tools/bin/xcode_backend.sh\" embed_and_thin";
		};
		5F4DDA14F69FE0160EA44369 /* [CP] Check Pods Manifest.lock */ = {
			isa = PBXShellScriptBuildPhase;
			buildActionMask = 2147483647;
			files = (
			);
			inputFileListPaths = (
			);
			inputPaths = (
				"${PODS_PODFILE_DIR_PATH}/Podfile.lock",
				"${PODS_ROOT}/Manifest.lock",
			);
			name = "[CP] Check Pods Manifest.lock";
			outputFileListPaths = (
			);
			outputPaths = (
				"$(DERIVED_FILE_DIR)/Pods-RunnerTests-checkManifestLockResult.txt",
			);
			runOnlyForDeploymentPostprocessing = 0;
			shellPath = /bin/sh;
			shellScript = "diff \"${PODS_PODFILE_DIR_PATH}/Podfile.lock\" \"${PODS_ROOT}/Manifest.lock\" > /dev/null\nif [ $? != 0 ] ; then\n    # print error to STDERR\n    echo \"error: The sandbox is not in sync with the Podfile.lock. Run 'pod install' or update your CocoaPods installation.\" >&2\n    exit 1\nfi\n# This output is used by Xcode 'outputs' to avoid re-running this script phase.\necho \"SUCCESS\" > \"${SCRIPT_OUTPUT_FILE_0}\"\n";
			showEnvVarsInLog = 0;
		};
		74DC4AE5B2F8848EAF06FC05 /* [CP] Check Pods Manifest.lock */ = {
			isa = PBXShellScriptBuildPhase;
			buildActionMask = 2147483647;
			files = (
			);
			inputFileListPaths = (
			);
			inputPaths = (
				"${PODS_PODFILE_DIR_PATH}/Podfile.lock",
				"${PODS_ROOT}/Manifest.lock",
			);
			name = "[CP] Check Pods Manifest.lock";
			outputFileListPaths = (
			);
			outputPaths = (
				"$(DERIVED_FILE_DIR)/Pods-Runner-checkManifestLockResult.txt",
			);
			runOnlyForDeploymentPostprocessing = 0;
			shellPath = /bin/sh;
			shellScript = "diff \"${PODS_PODFILE_DIR_PATH}/Podfile.lock\" \"${PODS_ROOT}/Manifest.lock\" > /dev/null\nif [ $? != 0 ] ; then\n    # print error to STDERR\n    echo \"error: The sandbox is not in sync with the Podfile.lock. Run 'pod install' or update your CocoaPods installation.\" >&2\n    exit 1\nfi\n# This output is used by Xcode 'outputs' to avoid re-running this script phase.\necho \"SUCCESS\" > \"${SCRIPT_OUTPUT_FILE_0}\"\n";
			showEnvVarsInLog = 0;
		};
		9740EEB61CF901F6004384FC /* Run Script */ = {
			isa = PBXShellScriptBuildPhase;
			alwaysOutOfDate = 1;
			buildActionMask = 2147483647;
			files = (
			);
			inputPaths = (
			);
			name = "Run Script";
			outputPaths = (
			);
			runOnlyForDeploymentPostprocessing = 0;
			shellPath = /bin/sh;
			shellScript = "/bin/sh \"$FLUTTER_ROOT/packages/flutter_tools/bin/xcode_backend.sh\" build";
		};
/* End PBXShellScriptBuildPhase section */

/* Begin PBXSourcesBuildPhase section */
		331C807D294A63A400263BE5 /* Sources */ = {
			isa = PBXSourcesBuildPhase;
			buildActionMask = 2147483647;
			files = (
				331C808B294A63AB00263BE5 /* RunnerTests.swift in Sources */,
			);
			runOnlyForDeploymentPostprocessing = 0;
		};
		97C146EA1CF9000F007C117D /* Sources */ = {
			isa = PBXSourcesBuildPhase;
			buildActionMask = 2147483647;
			files = (
				5A0010142F1A000100000001 /* NativeGlassPresenterPlugin.swift in Sources */,
				5A0010152F1A000100000001 /* IcsFilePresenterPlugin.swift in Sources */,
				5A0010182F1A000100000001 /* NativeNavigationBar.swift in Sources */,
				5A0010052F1A000100000001 /* NativeGlassTabBarView.swift in Sources */,
				5A0010032F1A000100000001 /* NativeGlassRegistry.swift in Sources */,
				74858FAF1ED2DC5600515810 /* AppDelegate.swift in Sources */,
				ECBT00000000000000000001 /* EcardBindPlugin.swift in Sources */,
				ECAD00000000000000000030 /* EcardFeedback.swift in Sources */,
				ECAD00000000000000000040 /* EcardShortcuts.swift in Sources */,
				1498D2341E8E89220040F4C2 /* GeneratedPluginRegistrant.m in Sources */,
				8F7428AE32B6D2B9B94C07A2 /* WatchConnectivityBridge.swift in Sources */,
			);
			runOnlyForDeploymentPostprocessing = 0;
		};
		ECAD00000000000000000006 /* Sources */ = {
			isa = PBXSourcesBuildPhase;
			buildActionMask = 2147483647;
			files = (
				ECAD00000000000000000004 /* EcardPayWidget.swift in Sources */,
			);
			runOnlyForDeploymentPostprocessing = 0;
		};
		ECBT00000000000000000042 /* Sources */ = {
			isa = PBXSourcesBuildPhase;
			buildActionMask = 2147483647;
			files = (
				ECBT00000000000000000002 /* EcardBindTunnelProvider.swift in Sources */,
				ECBT00000000000000000003 /* EcardBindPackets.swift in Sources */,
			);
			runOnlyForDeploymentPostprocessing = 0;
		};
		EFEEC8F9D38BB75E7DB4CBE8 /* Sources */ = {
			isa = PBXSourcesBuildPhase;
			buildActionMask = 2147483647;
			files = (
				D6C82C39D032342980C3BFD3 /* TechPieWatchApp.swift in Sources */,
				EEFBA20129D4C2B5677B93CD /* WatchStore.swift in Sources */,
			);
			runOnlyForDeploymentPostprocessing = 0;
		};
/* End PBXSourcesBuildPhase section */

/* Begin PBXTargetDependency section */
		331C8086294A63A400263BE5 /* PBXTargetDependency */ = {
			isa = PBXTargetDependency;
			target = 97C146ED1CF9000F007C117D /* Runner */;
			targetProxy = 331C8085294A63A400263BE5 /* PBXContainerItemProxy */;
		};
		A12CF311F3590B09CDF532E5 /* PBXTargetDependency */ = {
			isa = PBXTargetDependency;
			name = TechPieWatch;
			target = E34C05B9C95E87D00F79F0EE /* TechPieWatch */;
			targetProxy = 9117CC0AB2E1EA20E187DB79 /* PBXContainerItemProxy */;
		};
		ECAD00000000000000000011 /* PBXTargetDependency */ = {
			isa = PBXTargetDependency;
			target = ECAD0000000000000000000B /* EcardPayWidget */;
			targetProxy = ECAD00000000000000000010 /* PBXContainerItemProxy */;
		};
		ECBT00000000000000000021 /* PBXTargetDependency */ = {
			isa = PBXTargetDependency;
			target = ECBT00000000000000000040 /* EcardBindTunnel */;
			targetProxy = ECBT00000000000000000020 /* PBXContainerItemProxy */;
		};
/* End PBXTargetDependency section */

/* Begin PBXVariantGroup section */
		97C146FA1CF9000F007C117D /* Main.storyboard */ = {
			isa = PBXVariantGroup;
			children = (
				97C146FB1CF9000F007C117D /* Base */,
			);
			name = Main.storyboard;
			sourceTree = "<group>";
		};
		97C146FF1CF9000F007C117D /* LaunchScreen.storyboard */ = {
			isa = PBXVariantGroup;
			children = (
				97C147001CF9000F007C117D /* Base */,
			);
			name = LaunchScreen.storyboard;
			sourceTree = "<group>";
		};
		ECAD00000000000000000022 /* Localizable.strings */ = {
			isa = PBXVariantGroup;
			children = (
				ECAD00000000000000000023 /* en */,
				ECAD00000000000000000024 /* zh-Hans */,
				ECAD00000000000000000025 /* ja */,
			);
			name = Localizable.strings;
			sourceTree = "<group>";
		};
		ECAD00000000000000000043 /* Localizable.strings */ = {
			isa = PBXVariantGroup;
			children = (
				ECAD00000000000000000044 /* en */,
				ECAD00000000000000000045 /* zh-Hans */,
				ECAD00000000000000000046 /* ja */,
			);
			name = Localizable.strings;
			sourceTree = "<group>";
		};
		ECAD00000000000000000048 /* AppShortcuts.strings */ = {
			isa = PBXVariantGroup;
			children = (
				ECAD00000000000000000049 /* en */,
				ECAD0000000000000000004A /* zh-Hans */,
				ECAD0000000000000000004B /* ja */,
			);
			name = AppShortcuts.strings;
			sourceTree = "<group>";
		};
		ECAD00000000000000000050 /* InfoPlist.strings */ = {
			isa = PBXVariantGroup;
			children = (
				ECAD00000000000000000051 /* en */,
				ECAD00000000000000000052 /* zh-Hans */,
				ECAD00000000000000000053 /* ja */,
			);
			name = InfoPlist.strings;
			sourceTree = "<group>";
		};
/* End PBXVariantGroup section */

/* Begin XCBuildConfiguration section */
		249021D3217E4FDB00AE95B9 /* Profile */ = {
			isa = XCBuildConfiguration;
			buildSettings = {
				ALWAYS_SEARCH_USER_PATHS = NO;
				ASSETCATALOG_COMPILER_GENERATE_SWIFT_ASSET_SYMBOL_EXTENSIONS = YES;
				CLANG_ANALYZER_NONNULL = YES;
				CLANG_CXX_LANGUAGE_STANDARD = "gnu++0x";
				CLANG_CXX_LIBRARY = "libc++";
				CLANG_ENABLE_MODULES = YES;
				CLANG_ENABLE_OBJC_ARC = YES;
				CLANG_WARN_BLOCK_CAPTURE_AUTORELEASING = YES;
				CLANG_WARN_BOOL_CONVERSION = YES;
				CLANG_WARN_COMMA = YES;
				CLANG_WARN_CONSTANT_CONVERSION = YES;
				CLANG_WARN_DEPRECATED_OBJC_IMPLEMENTATIONS = YES;
				CLANG_WARN_DIRECT_OBJC_ISA_USAGE = YES_ERROR;
				CLANG_WARN_EMPTY_BODY = YES;
				CLANG_WARN_ENUM_CONVERSION = YES;
				CLANG_WARN_INFINITE_RECURSION = YES;
				CLANG_WARN_INT_CONVERSION = YES;
				CLANG_WARN_NON_LITERAL_NULL_CONVERSION = YES;
				CLANG_WARN_OBJC_IMPLICIT_RETAIN_SELF = YES;
				CLANG_WARN_OBJC_LITERAL_CONVERSION = YES;
				CLANG_WARN_OBJC_ROOT_CLASS = YES_ERROR;
				CLANG_WARN_QUOTED_INCLUDE_IN_FRAMEWORK_HEADER = YES;
				CLANG_WARN_RANGE_LOOP_ANALYSIS = YES;
				CLANG_WARN_STRICT_PROTOTYPES = YES;
				CLANG_WARN_SUSPICIOUS_MOVE = YES;
				CLANG_WARN_UNREACHABLE_CODE = YES;
				CLANG_WARN__DUPLICATE_METHOD_MATCH = YES;
				"CODE_SIGN_IDENTITY[sdk=iphoneos*]" = "iPhone Developer";
				COPY_PHASE_STRIP = NO;
				DEBUG_INFORMATION_FORMAT = "dwarf-with-dsym";
				ENABLE_NS_ASSERTIONS = NO;
				ENABLE_STRICT_OBJC_MSGSEND = YES;
				ENABLE_USER_SCRIPT_SANDBOXING = NO;
				GCC_C_LANGUAGE_STANDARD = gnu99;
				GCC_NO_COMMON_BLOCKS = YES;
				GCC_WARN_64_TO_32_BIT_CONVERSION = YES;
				GCC_WARN_ABOUT_RETURN_TYPE = YES_ERROR;
				GCC_WARN_UNDECLARED_SELECTOR = YES;
				GCC_WARN_UNINITIALIZED_AUTOS = YES_AGGRESSIVE;
				GCC_WARN_UNUSED_FUNCTION = YES;
				GCC_WARN_UNUSED_VARIABLE = YES;
				IPHONEOS_DEPLOYMENT_TARGET = 15.0;
				MTL_ENABLE_DEBUG_INFO = NO;
				SDKROOT = iphoneos;
				STRING_CATALOG_GENERATE_SYMBOLS = YES;
				SUPPORTED_PLATFORMS = iphoneos;
				TARGETED_DEVICE_FAMILY = "1,2";
				VALIDATE_PRODUCT = YES;
			};
			name = Profile;
		};
		249021D4217E4FDB00AE95B9 /* Profile */ = {
			isa = XCBuildConfiguration;
			baseConfigurationReference = 7AFA3C8E1D35360C0083082E /* Release.xcconfig */;
			buildSettings = {
				ASSETCATALOG_COMPILER_APPICON_NAME = AppIcon;
				CLANG_ENABLE_MODULES = YES;
				CODE_SIGN_ENTITLEMENTS = Runner/Runner.entitlements;
				CURRENT_PROJECT_VERSION = "$(FLUTTER_BUILD_NUMBER)";
				ENABLE_BITCODE = NO;
				INFOPLIST_FILE = Runner/Info.plist;
				IPHONEOS_DEPLOYMENT_TARGET = 15.5;
				LD_RUNPATH_SEARCH_PATHS = (
					"$(inherited)",
					"@executable_path/Frameworks",
				);
				PRODUCT_BUNDLE_IDENTIFIER = com.example.techpie;
				PRODUCT_NAME = "$(TARGET_NAME)";
				SWIFT_OBJC_BRIDGING_HEADER = "Runner/Runner-Bridging-Header.h";
				SWIFT_VERSION = 5.0;
				VERSIONING_SYSTEM = "apple-generic";
			};
			name = Profile;
		};
		331C8088294A63A400263BE5 /* Debug */ = {
			isa = XCBuildConfiguration;
			baseConfigurationReference = 296F06645E00F213C9654F8F /* Pods-RunnerTests.debug.xcconfig */;
			buildSettings = {
				BUNDLE_LOADER = "$(TEST_HOST)";
				CODE_SIGN_STYLE = Automatic;
				CURRENT_PROJECT_VERSION = 1;
				GENERATE_INFOPLIST_FILE = YES;
				MARKETING_VERSION = 1.0;
				PRODUCT_BUNDLE_IDENTIFIER = com.example.techpie.RunnerTests;
				PRODUCT_NAME = "$(TARGET_NAME)";
				SWIFT_ACTIVE_COMPILATION_CONDITIONS = DEBUG;
				SWIFT_OPTIMIZATION_LEVEL = "-Onone";
				SWIFT_VERSION = 5.0;
				TEST_HOST = "$(BUILT_PRODUCTS_DIR)/Runner.app/$(BUNDLE_EXECUTABLE_FOLDER_PATH)/Runner";
			};
			name = Debug;
		};
		331C8089294A63A400263BE5 /* Release */ = {
			isa = XCBuildConfiguration;
			baseConfigurationReference = 6B0AD00AB3D979A68E9ABE84 /* Pods-RunnerTests.release.xcconfig */;
			buildSettings = {
				BUNDLE_LOADER = "$(TEST_HOST)";
				CODE_SIGN_STYLE = Automatic;
				CURRENT_PROJECT_VERSION = 1;
				GENERATE_INFOPLIST_FILE = YES;
				MARKETING_VERSION = 1.0;
				PRODUCT_BUNDLE_IDENTIFIER = com.example.techpie.RunnerTests;
				PRODUCT_NAME = "$(TARGET_NAME)";
				SWIFT_VERSION = 5.0;
				TEST_HOST = "$(BUILT_PRODUCTS_DIR)/Runner.app/$(BUNDLE_EXECUTABLE_FOLDER_PATH)/Runner";
			};
			name = Release;
		};
		331C808A294A63A400263BE5 /* Profile */ = {
			isa = XCBuildConfiguration;
			baseConfigurationReference = D3EC6B66BB17FD8FCFF14373 /* Pods-RunnerTests.profile.xcconfig */;
			buildSettings = {
				BUNDLE_LOADER = "$(TEST_HOST)";
				CODE_SIGN_STYLE = Automatic;
				CURRENT_PROJECT_VERSION = 1;
				GENERATE_INFOPLIST_FILE = YES;
				MARKETING_VERSION = 1.0;
				PRODUCT_BUNDLE_IDENTIFIER = com.example.techpie.RunnerTests;
				PRODUCT_NAME = "$(TARGET_NAME)";
				SWIFT_VERSION = 5.0;
				TEST_HOST = "$(BUILT_PRODUCTS_DIR)/Runner.app/$(BUNDLE_EXECUTABLE_FOLDER_PATH)/Runner";
			};
			name = Profile;
		};
		4D703AF61D75C1607551C26B /* Release */ = {
			isa = XCBuildConfiguration;
			baseConfigurationReference = 3A18B1C545E34121D35EA8DC /* Watch.xcconfig */;
			buildSettings = {
				ASSETCATALOG_COMPILER_APPICON_NAME = AppIcon;
				CODE_SIGN_STYLE = Automatic;
				DEVELOPMENT_TEAM = "";
				GENERATE_INFOPLIST_FILE = NO;
				INFOPLIST_FILE = TechPieWatch/Info.plist;
				LD_RUNPATH_SEARCH_PATHS = (
					"$(inherited)",
					"@executable_path/Frameworks",
				);
				PRODUCT_BUNDLE_IDENTIFIER = com.example.techpie.watchkitapp;
				PRODUCT_NAME = TechPieWatch;
				SDKROOT = watchos;
				SKIP_INSTALL = YES;
				SUPPORTED_PLATFORMS = "watchos watchsimulator";
				SWIFT_VERSION = 5.0;
				TARGETED_DEVICE_FAMILY = 4;
				VALIDATE_PRODUCT = YES;
				WATCHOS_DEPLOYMENT_TARGET = 10.0;
			};
			name = Release;
		};
		6356BD0E37165BD660C8B87D /* Debug */ = {
			isa = XCBuildConfiguration;
			baseConfigurationReference = 3A18B1C545E34121D35EA8DC /* Watch.xcconfig */;
			buildSettings = {
				ASSETCATALOG_COMPILER_APPICON_NAME = AppIcon;
				CODE_SIGN_STYLE = Automatic;
				DEVELOPMENT_TEAM = "";
				GENERATE_INFOPLIST_FILE = NO;
				INFOPLIST_FILE = TechPieWatch/Info.plist;
				LD_RUNPATH_SEARCH_PATHS = (
					"$(inherited)",
					"@executable_path/Frameworks",
				);
				PRODUCT_BUNDLE_IDENTIFIER = com.example.techpie.watchkitapp;
				PRODUCT_NAME = TechPieWatch;
				SDKROOT = watchos;
				SKIP_INSTALL = YES;
				SUPPORTED_PLATFORMS = "watchos watchsimulator";
				SWIFT_ACTIVE_COMPILATION_CONDITIONS = DEBUG;
				SWIFT_VERSION = 5.0;
				TARGETED_DEVICE_FAMILY = 4;
				WATCHOS_DEPLOYMENT_TARGET = 10.0;
			};
			name = Debug;
		};
		97C147031CF9000F007C117D /* Debug */ = {
			isa = XCBuildConfiguration;
			buildSettings = {
				ALWAYS_SEARCH_USER_PATHS = NO;
				ASSETCATALOG_COMPILER_GENERATE_SWIFT_ASSET_SYMBOL_EXTENSIONS = AppIcon;
				CLANG_ANALYZER_NONNULL = YES;
				CLANG_CXX_LANGUAGE_STANDARD = "gnu++0x";
				CLANG_CXX_LIBRARY = "libc++";
				CLANG_ENABLE_MODULES = YES;
				CLANG_ENABLE_OBJC_ARC = YES;
				CLANG_WARN_BLOCK_CAPTURE_AUTORELEASING = YES;
				CLANG_WARN_BOOL_CONVERSION = YES;
				CLANG_WARN_COMMA = YES;
				CLANG_WARN_CONSTANT_CONVERSION = YES;
				CLANG_WARN_DEPRECATED_OBJC_IMPLEMENTATIONS = YES;
				CLANG_WARN_DIRECT_OBJC_ISA_USAGE = YES_ERROR;
				CLANG_WARN_EMPTY_BODY = YES;
				CLANG_WARN_ENUM_CONVERSION = YES;
				CLANG_WARN_INFINITE_RECURSION = YES;
				CLANG_WARN_INT_CONVERSION = YES;
				CLANG_WARN_NON_LITERAL_NULL_CONVERSION = YES;
				CLANG_WARN_OBJC_IMPLICIT_RETAIN_SELF = YES;
				CLANG_WARN_OBJC_LITERAL_CONVERSION = YES;
				CLANG_WARN_OBJC_ROOT_CLASS = YES_ERROR;
				CLANG_WARN_QUOTED_INCLUDE_IN_FRAMEWORK_HEADER = YES;
				CLANG_WARN_RANGE_LOOP_ANALYSIS = YES;
				CLANG_WARN_STRICT_PROTOTYPES = YES;
				CLANG_WARN_SUSPICIOUS_MOVE = YES;
				CLANG_WARN_UNREACHABLE_CODE = YES;
				CLANG_WARN__DUPLICATE_METHOD_MATCH = YES;
				"CODE_SIGN_IDENTITY[sdk=iphoneos*]" = "iPhone Developer";
				COPY_PHASE_STRIP = NO;
				DEBUG_INFORMATION_FORMAT = dwarf;
				ENABLE_STRICT_OBJC_MSGSEND = YES;
				ENABLE_TESTABILITY = YES;
				ENABLE_USER_SCRIPT_SANDBOXING = NO;
				GCC_C_LANGUAGE_STANDARD = gnu99;
				GCC_DYNAMIC_NO_PIC = NO;
				GCC_NO_COMMON_BLOCKS = YES;
				GCC_OPTIMIZATION_LEVEL = 0;
				GCC_PREPROCESSOR_DEFINITIONS = (
					"DEBUG=1",
					"$(inherited)",
				);
				GCC_WARN_64_TO_32_BIT_CONVERSION = YES;
				GCC_WARN_ABOUT_RETURN_TYPE = YES_ERROR;
				GCC_WARN_UNDECLARED_SELECTOR = YES;
				GCC_WARN_UNINITIALIZED_AUTOS = YES_AGGRESSIVE;
				GCC_WARN_UNUSED_FUNCTION = YES;
				GCC_WARN_UNUSED_VARIABLE = YES;
				IPHONEOS_DEPLOYMENT_TARGET = 15.0;
				MTL_ENABLE_DEBUG_INFO = YES;
				ONLY_ACTIVE_ARCH = YES;
				SDKROOT = iphoneos;
				STRING_CATALOG_GENERATE_SYMBOLS = YES;
				TARGETED_DEVICE_FAMILY = "1,2";
			};
			name = Debug;
		};
		97C147041CF9000F007C117D /* Release */ = {
			isa = XCBuildConfiguration;
			buildSettings = {
				ALWAYS_SEARCH_USER_PATHS = NO;
				ASSETCATALOG_COMPILER_GENERATE_SWIFT_ASSET_SYMBOL_EXTENSIONS = AppIcon;
				CLANG_ANALYZER_NONNULL = YES;
				CLANG_CXX_LANGUAGE_STANDARD = "gnu++0x";
				CLANG_CXX_LIBRARY = "libc++";
				CLANG_ENABLE_MODULES = YES;
				CLANG_ENABLE_OBJC_ARC = YES;
				CLANG_WARN_BLOCK_CAPTURE_AUTORELEASING = YES;
				CLANG_WARN_BOOL_CONVERSION = YES;
				CLANG_WARN_COMMA = YES;
				CLANG_WARN_CONSTANT_CONVERSION = YES;
				CLANG_WARN_DEPRECATED_OBJC_IMPLEMENTATIONS = YES;
				CLANG_WARN_DIRECT_OBJC_ISA_USAGE = YES_ERROR;
				CLANG_WARN_EMPTY_BODY = YES;
				CLANG_WARN_ENUM_CONVERSION = YES;
				CLANG_WARN_INFINITE_RECURSION = YES;
				CLANG_WARN_INT_CONVERSION = YES;
				CLANG_WARN_NON_LITERAL_NULL_CONVERSION = YES;
				CLANG_WARN_OBJC_IMPLICIT_RETAIN_SELF = YES;
				CLANG_WARN_OBJC_LITERAL_CONVERSION = YES;
				CLANG_WARN_OBJC_ROOT_CLASS = YES_ERROR;
				CLANG_WARN_QUOTED_INCLUDE_IN_FRAMEWORK_HEADER = YES;
				CLANG_WARN_RANGE_LOOP_ANALYSIS = YES;
				CLANG_WARN_STRICT_PROTOTYPES = YES;
				CLANG_WARN_SUSPICIOUS_MOVE = YES;
				CLANG_WARN_UNREACHABLE_CODE = YES;
				CLANG_WARN__DUPLICATE_METHOD_MATCH = YES;
				"CODE_SIGN_IDENTITY[sdk=iphoneos*]" = "iPhone Developer";
				COPY_PHASE_STRIP = NO;
				DEBUG_INFORMATION_FORMAT = "dwarf-with-dsym";
				ENABLE_NS_ASSERTIONS = NO;
				ENABLE_STRICT_OBJC_MSGSEND = YES;
				ENABLE_USER_SCRIPT_SANDBOXING = NO;
				GCC_C_LANGUAGE_STANDARD = gnu99;
				GCC_NO_COMMON_BLOCKS = YES;
				GCC_WARN_64_TO_32_BIT_CONVERSION = YES;
				GCC_WARN_ABOUT_RETURN_TYPE = YES_ERROR;
				GCC_WARN_UNDECLARED_SELECTOR = YES;
				GCC_WARN_UNINITIALIZED_AUTOS = YES_AGGRESSIVE;
				GCC_WARN_UNUSED_FUNCTION = YES;
				GCC_WARN_UNUSED_VARIABLE = YES;
				IPHONEOS_DEPLOYMENT_TARGET = 15.0;
				MTL_ENABLE_DEBUG_INFO = NO;
				SDKROOT = iphoneos;
				STRING_CATALOG_GENERATE_SYMBOLS = YES;
				SUPPORTED_PLATFORMS = iphoneos;
				SWIFT_COMPILATION_MODE = wholemodule;
				SWIFT_OPTIMIZATION_LEVEL = "-O";
				TARGETED_DEVICE_FAMILY = "1,2";
				VALIDATE_PRODUCT = YES;
			};
			name = Release;
		};
		97C147061CF9000F007C117D /* Debug */ = {
			isa = XCBuildConfiguration;
			baseConfigurationReference = 9740EEB21CF90195004384FC /* Debug.xcconfig */;
			buildSettings = {
				ASSETCATALOG_COMPILER_APPICON_NAME = AppIcon;
				CLANG_ENABLE_MODULES = YES;
				CODE_SIGN_ENTITLEMENTS = Runner/Runner.entitlements;
				CURRENT_PROJECT_VERSION = "$(FLUTTER_BUILD_NUMBER)";
				ENABLE_BITCODE = NO;
				INFOPLIST_FILE = Runner/Info.plist;
				IPHONEOS_DEPLOYMENT_TARGET = 15.5;
				LD_RUNPATH_SEARCH_PATHS = (
					"$(inherited)",
					"@executable_path/Frameworks",
				);
				PRODUCT_BUNDLE_IDENTIFIER = com.example.techpie;
				PRODUCT_NAME = "$(TARGET_NAME)";
				SWIFT_OBJC_BRIDGING_HEADER = "Runner/Runner-Bridging-Header.h";
				SWIFT_OPTIMIZATION_LEVEL = "-Onone";
				SWIFT_VERSION = 5.0;
				VERSIONING_SYSTEM = "apple-generic";
			};
			name = Debug;
		};
		97C147071CF9000F007C117D /* Release */ = {
			isa = XCBuildConfiguration;
			baseConfigurationReference = 7AFA3C8E1D35360C0083082E /* Release.xcconfig */;
			buildSettings = {
				ASSETCATALOG_COMPILER_APPICON_NAME = AppIcon;
				CLANG_ENABLE_MODULES = YES;
				CODE_SIGN_ENTITLEMENTS = Runner/Runner.entitlements;
				CURRENT_PROJECT_VERSION = "$(FLUTTER_BUILD_NUMBER)";
				ENABLE_BITCODE = NO;
				INFOPLIST_FILE = Runner/Info.plist;
				IPHONEOS_DEPLOYMENT_TARGET = 15.5;
				LD_RUNPATH_SEARCH_PATHS = (
					"$(inherited)",
					"@executable_path/Frameworks",
				);
				PRODUCT_BUNDLE_IDENTIFIER = com.example.techpie;
				PRODUCT_NAME = "$(TARGET_NAME)";
				SWIFT_OBJC_BRIDGING_HEADER = "Runner/Runner-Bridging-Header.h";
				SWIFT_VERSION = 5.0;
				VERSIONING_SYSTEM = "apple-generic";
			};
			name = Release;
		};
		ECAD0000000000000000000C /* Debug */ = {
			isa = XCBuildConfiguration;
			baseConfigurationReference = 9740EEB31CF90195004384FC /* Generated.xcconfig */;
			buildSettings = {
				APPLICATION_EXTENSION_API_ONLY = YES;
				CODE_SIGN_STYLE = Automatic;
				CURRENT_PROJECT_VERSION = "$(FLUTTER_BUILD_NUMBER)";
				INFOPLIST_FILE = EcardPayWidget/Info.plist;
				IPHONEOS_DEPLOYMENT_TARGET = 14.0;
				LD_RUNPATH_SEARCH_PATHS = (
					"$(inherited)",
					"@executable_path/Frameworks",
					"@executable_path/../../Frameworks",
				);
				MARKETING_VERSION = "$(FLUTTER_BUILD_NAME)";
				PRODUCT_BUNDLE_IDENTIFIER = com.example.techpie.EcardPayWidget;
				PRODUCT_NAME = "$(TARGET_NAME)";
				SKIP_INSTALL = YES;
				SUPPORTED_PLATFORMS = "iphoneos iphonesimulator";
				SUPPORTS_MACCATALYST = NO;
				SWIFT_ACTIVE_COMPILATION_CONDITIONS = DEBUG;
				SWIFT_EMIT_LOC_STRINGS = YES;
				SWIFT_OPTIMIZATION_LEVEL = "-Onone";
				SWIFT_VERSION = 5.0;
				TARGETED_DEVICE_FAMILY = "1,2";
			};
			name = Debug;
		};
		ECAD0000000000000000000D /* Release */ = {
			isa = XCBuildConfiguration;
			baseConfigurationReference = 9740EEB31CF90195004384FC /* Generated.xcconfig */;
			buildSettings = {
				APPLICATION_EXTENSION_API_ONLY = YES;
				CODE_SIGN_STYLE = Automatic;
				CURRENT_PROJECT_VERSION = "$(FLUTTER_BUILD_NUMBER)";
				INFOPLIST_FILE = EcardPayWidget/Info.plist;
				IPHONEOS_DEPLOYMENT_TARGET = 14.0;
				LD_RUNPATH_SEARCH_PATHS = (
					"$(inherited)",
					"@executable_path/Frameworks",
					"@executable_path/../../Frameworks",
				);
				MARKETING_VERSION = "$(FLUTTER_BUILD_NAME)";
				PRODUCT_BUNDLE_IDENTIFIER = com.example.techpie.EcardPayWidget;
				PRODUCT_NAME = "$(TARGET_NAME)";
				SKIP_INSTALL = YES;
				SUPPORTED_PLATFORMS = "iphoneos iphonesimulator";
				SUPPORTS_MACCATALYST = NO;
				SWIFT_COMPILATION_MODE = wholemodule;
				SWIFT_EMIT_LOC_STRINGS = YES;
				SWIFT_VERSION = 5.0;
				TARGETED_DEVICE_FAMILY = "1,2";
			};
			name = Release;
		};
		ECAD0000000000000000000E /* Profile */ = {
			isa = XCBuildConfiguration;
			baseConfigurationReference = 9740EEB31CF90195004384FC /* Generated.xcconfig */;
			buildSettings = {
				APPLICATION_EXTENSION_API_ONLY = YES;
				CODE_SIGN_STYLE = Automatic;
				CURRENT_PROJECT_VERSION = "$(FLUTTER_BUILD_NUMBER)";
				INFOPLIST_FILE = EcardPayWidget/Info.plist;
				IPHONEOS_DEPLOYMENT_TARGET = 14.0;
				LD_RUNPATH_SEARCH_PATHS = (
					"$(inherited)",
					"@executable_path/Frameworks",
					"@executable_path/../../Frameworks",
				);
				MARKETING_VERSION = "$(FLUTTER_BUILD_NAME)";
				PRODUCT_BUNDLE_IDENTIFIER = com.example.techpie.EcardPayWidget;
				PRODUCT_NAME = "$(TARGET_NAME)";
				SKIP_INSTALL = YES;
				SUPPORTED_PLATFORMS = "iphoneos iphonesimulator";
				SUPPORTS_MACCATALYST = NO;
				SWIFT_COMPILATION_MODE = wholemodule;
				SWIFT_EMIT_LOC_STRINGS = YES;
				SWIFT_VERSION = 5.0;
				TARGETED_DEVICE_FAMILY = "1,2";
			};
			name = Profile;
		};
		ECBT00000000000000000050 /* Debug */ = {
			isa = XCBuildConfiguration;
			baseConfigurationReference = 9740EEB31CF90195004384FC /* Generated.xcconfig */;
			buildSettings = {
				APPLICATION_EXTENSION_API_ONLY = YES;
				CODE_SIGN_ENTITLEMENTS = EcardBindTunnel/EcardBindTunnel.entitlements;
				CODE_SIGN_STYLE = Automatic;
				CURRENT_PROJECT_VERSION = "$(FLUTTER_BUILD_NUMBER)";
				INFOPLIST_FILE = EcardBindTunnel/Info.plist;
				IPHONEOS_DEPLOYMENT_TARGET = 15.5;
				LD_RUNPATH_SEARCH_PATHS = (
					"$(inherited)",
					"@executable_path/Frameworks",
					"@executable_path/../../Frameworks",
				);
				MARKETING_VERSION = "$(FLUTTER_BUILD_NAME)";
				PRODUCT_BUNDLE_IDENTIFIER = com.example.techpie.EcardBindTunnel;
				PRODUCT_NAME = "$(TARGET_NAME)";
				SKIP_INSTALL = YES;
				SUPPORTED_PLATFORMS = "iphoneos iphonesimulator";
				SUPPORTS_MACCATALYST = NO;
				SWIFT_ACTIVE_COMPILATION_CONDITIONS = DEBUG;
				SWIFT_OPTIMIZATION_LEVEL = "-Onone";
				SWIFT_VERSION = 5.0;
				TARGETED_DEVICE_FAMILY = "1,2";
			};
			name = Debug;
		};
		ECBT00000000000000000051 /* Release */ = {
			isa = XCBuildConfiguration;
			baseConfigurationReference = 9740EEB31CF90195004384FC /* Generated.xcconfig */;
			buildSettings = {
				APPLICATION_EXTENSION_API_ONLY = YES;
				CODE_SIGN_ENTITLEMENTS = EcardBindTunnel/EcardBindTunnel.entitlements;
				CODE_SIGN_STYLE = Automatic;
				CURRENT_PROJECT_VERSION = "$(FLUTTER_BUILD_NUMBER)";
				INFOPLIST_FILE = EcardBindTunnel/Info.plist;
				IPHONEOS_DEPLOYMENT_TARGET = 15.5;
				LD_RUNPATH_SEARCH_PATHS = (
					"$(inherited)",
					"@executable_path/Frameworks",
					"@executable_path/../../Frameworks",
				);
				MARKETING_VERSION = "$(FLUTTER_BUILD_NAME)";
				PRODUCT_BUNDLE_IDENTIFIER = com.example.techpie.EcardBindTunnel;
				PRODUCT_NAME = "$(TARGET_NAME)";
				SKIP_INSTALL = YES;
				SUPPORTED_PLATFORMS = "iphoneos iphonesimulator";
				SUPPORTS_MACCATALYST = NO;
				SWIFT_COMPILATION_MODE = wholemodule;
				SWIFT_VERSION = 5.0;
				TARGETED_DEVICE_FAMILY = "1,2";
				VALIDATE_PRODUCT = YES;
			};
			name = Release;
		};
		ECBT00000000000000000052 /* Profile */ = {
			isa = XCBuildConfiguration;
			baseConfigurationReference = 9740EEB31CF90195004384FC /* Generated.xcconfig */;
			buildSettings = {
				APPLICATION_EXTENSION_API_ONLY = YES;
				CODE_SIGN_ENTITLEMENTS = EcardBindTunnel/EcardBindTunnel.entitlements;
				CODE_SIGN_STYLE = Automatic;
				CURRENT_PROJECT_VERSION = "$(FLUTTER_BUILD_NUMBER)";
				INFOPLIST_FILE = EcardBindTunnel/Info.plist;
				IPHONEOS_DEPLOYMENT_TARGET = 15.5;
				LD_RUNPATH_SEARCH_PATHS = (
					"$(inherited)",
					"@executable_path/Frameworks",
					"@executable_path/../../Frameworks",
				);
				MARKETING_VERSION = "$(FLUTTER_BUILD_NAME)";
				PRODUCT_BUNDLE_IDENTIFIER = com.example.techpie.EcardBindTunnel;
				PRODUCT_NAME = "$(TARGET_NAME)";
				SKIP_INSTALL = YES;
				SUPPORTED_PLATFORMS = "iphoneos iphonesimulator";
				SUPPORTS_MACCATALYST = NO;
				SWIFT_COMPILATION_MODE = wholemodule;
				SWIFT_VERSION = 5.0;
				TARGETED_DEVICE_FAMILY = "1,2";
				VALIDATE_PRODUCT = YES;
			};
			name = Profile;
		};
		FFA2093A804C5BE8133E2207 /* Profile */ = {
			isa = XCBuildConfiguration;
			baseConfigurationReference = 3A18B1C545E34121D35EA8DC /* Watch.xcconfig */;
			buildSettings = {
				ASSETCATALOG_COMPILER_APPICON_NAME = AppIcon;
				CODE_SIGN_STYLE = Automatic;
				DEVELOPMENT_TEAM = "";
				GENERATE_INFOPLIST_FILE = NO;
				INFOPLIST_FILE = TechPieWatch/Info.plist;
				LD_RUNPATH_SEARCH_PATHS = (
					"$(inherited)",
					"@executable_path/Frameworks",
				);
				PRODUCT_BUNDLE_IDENTIFIER = com.example.techpie.watchkitapp;
				PRODUCT_NAME = TechPieWatch;
				SDKROOT = watchos;
				SKIP_INSTALL = YES;
				SUPPORTED_PLATFORMS = "watchos watchsimulator";
				SWIFT_VERSION = 5.0;
				TARGETED_DEVICE_FAMILY = 4;
				VALIDATE_PRODUCT = YES;
				WATCHOS_DEPLOYMENT_TARGET = 10.0;
			};
			name = Profile;
		};
/* End XCBuildConfiguration section */

/* Begin XCConfigurationList section */
		331C8087294A63A400263BE5 /* Build configuration list for PBXNativeTarget "RunnerTests" */ = {
			isa = XCConfigurationList;
			buildConfigurations = (
				331C8088294A63A400263BE5 /* Debug */,
				331C8089294A63A400263BE5 /* Release */,
				331C808A294A63A400263BE5 /* Profile */,
			);
			defaultConfigurationIsVisible = 0;
			defaultConfigurationName = Release;
		};
		97C146E91CF9000F007C117D /* Build configuration list for PBXProject "Runner" */ = {
			isa = XCConfigurationList;
			buildConfigurations = (
				97C147031CF9000F007C117D /* Debug */,
				97C147041CF9000F007C117D /* Release */,
				249021D3217E4FDB00AE95B9 /* Profile */,
			);
			defaultConfigurationIsVisible = 0;
			defaultConfigurationName = Release;
		};
		97C147051CF9000F007C117D /* Build configuration list for PBXNativeTarget "Runner" */ = {
			isa = XCConfigurationList;
			buildConfigurations = (
				97C147061CF9000F007C117D /* Debug */,
				97C147071CF9000F007C117D /* Release */,
				249021D4217E4FDB00AE95B9 /* Profile */,
			);
			defaultConfigurationIsVisible = 0;
			defaultConfigurationName = Release;
		};
		994B6D880D48C2C4BA80141E /* Build configuration list for PBXNativeTarget "TechPieWatch" */ = {
			isa = XCConfigurationList;
			buildConfigurations = (
				4D703AF61D75C1607551C26B /* Release */,
				6356BD0E37165BD660C8B87D /* Debug */,
				FFA2093A804C5BE8133E2207 /* Profile */,
			);
			defaultConfigurationIsVisible = 0;
			defaultConfigurationName = Release;
		};
		ECAD0000000000000000000F /* Build configuration list for PBXNativeTarget "EcardPayWidget" */ = {
			isa = XCConfigurationList;
			buildConfigurations = (
				ECAD0000000000000000000C /* Debug */,
				ECAD0000000000000000000D /* Release */,
				ECAD0000000000000000000E /* Profile */,
			);
			defaultConfigurationIsVisible = 0;
			defaultConfigurationName = Release;
		};
		ECBT00000000000000000053 /* Build configuration list for PBXNativeTarget "EcardBindTunnel" */ = {
			isa = XCConfigurationList;
			buildConfigurations = (
				ECBT00000000000000000050 /* Debug */,
				ECBT00000000000000000051 /* Release */,
				ECBT00000000000000000052 /* Profile */,
			);
			defaultConfigurationIsVisible = 0;
			defaultConfigurationName = Release;
		};
/* End XCConfigurationList section */

/* Begin XCLocalSwiftPackageReference section */
		176602B46FEB2E278959CE63 /* XCLocalSwiftPackageReference "WatchSupport" */ = {
			isa = XCLocalSwiftPackageReference;
			relativePath = WatchSupport;
		};
		781AD8BC2B33823900A9FFBB /* XCLocalSwiftPackageReference "FlutterGeneratedPluginSwiftPackage" */ = {
			isa = XCLocalSwiftPackageReference;
			relativePath = Flutter/ephemeral/Packages/FlutterGeneratedPluginSwiftPackage;
		};
/* End XCLocalSwiftPackageReference section */

/* Begin XCSwiftPackageProductDependency section */
		2EDA78A467DB8C886816A613 /* WatchSupport */ = {
			isa = XCSwiftPackageProductDependency;
			package = 176602B46FEB2E278959CE63 /* XCLocalSwiftPackageReference "WatchSupport" */;
			productName = WatchSupport;
		};
		5D3F4FB42B7E14FFEF02E328 /* WatchSupport */ = {
			isa = XCSwiftPackageProductDependency;
			package = 176602B46FEB2E278959CE63 /* XCLocalSwiftPackageReference "WatchSupport" */;
			productName = WatchSupport;
		};
		78A3181F2AECB46A00862997 /* FlutterGeneratedPluginSwiftPackage */ = {
			isa = XCSwiftPackageProductDependency;
			productName = FlutterGeneratedPluginSwiftPackage;
		};
/* End XCSwiftPackageProductDependency section */
	};
	rootObject = 97C146E61CF9000F007C117D /* Project object */;
}
